lockfileVersion: '9.0'

settings:
  autoInstallPeers: true
  excludeLinksFromLockfile: false

importers:

  .:
    dependencies:
      husky:
        specifier: ^9.0.11
        version: 9.0.11
      prettier:
        specifier: ^3.2.5
        version: 3.2.5

packages:

  husky@9.0.11:
    resolution: {integrity: sha512-AB6lFlbwwyIqMdHYhwPe+kjOC3Oc5P3nThEoW/AaO2BX3vJDjWPFxYLxokUZOo6RNX20He3AaT8sESs9NJcmEw==}
    engines: {node: '>=18'}
    hasBin: true

  prettier@3.2.5:
    resolution: {integrity: sha512-3/GWa9aOC0YeD7LUfvOG2NiDyhOWRvt1k+rcKhOuYnMY24iiCphgneUfJDyFXd6rZCAnuLBv6UeAULtrhT/F4A==}
    engines: {node: '>=14'}
    hasBin: true

snapshots:

  husky@9.0.11: {}

  prettier@3.2.5: {}
